{
  "version": 1,
  "dependencies": {
    "net10.0": {
      "Azure.Identity": {
        "type": "Direct",
        "requested": "[1.21.0, )",
        "resolved": "1.21.0",
        "contentHash": "GeFv8sGwRKvDKwI2WFy8r0mhmlxEVZg24Sit2NogTjiSO8RVjllWM65OT6e1sKjOvG8V74y7hAbaELUUPjZQSw==",
        "dependencies": {
          "Azure.Core": "1.53.0"
        }
      },
      "Azure.Monitor.OpenTelemetry.AspNetCore": {
        "type": "Direct",
        "requested": "[1.4.0, )",
        "resolved": "1.4.0",
        "contentHash": "Zs9wBCBLkm/8Fz97GfRtbuhgd4yPlM8RKxaL6owlW2KcmO8kMqjNK/2riR5DUF5ck8KloFsUg+cuGTDmIHlqww==",
        "dependencies": {
          "Azure.Core": "1.50.0",
          "Azure.Monitor.OpenTelemetry.Exporter": "1.5.0",
          "OpenTelemetry.Extensions.Hosting": "1.14.0",
          "OpenTelemetry.Instrumentation.AspNetCore": "1.14.0",
          "OpenTelemetry.Instrumentation.Http": "1.14.0"
        }
      },
      "Azure.ResourceManager": {
        "type": "Direct",
        "requested": "[1.14.0, )",
        "resolved": "1.14.0",
        "contentHash": "i925pQG3EPXQ+jgTfO/26aODZ7IqWBo34nYg+kCgCPLGsMulbzjuJDiJH+PHV+xoWEjFKGvm1SBaAAXbG4887A==",
        "dependencies": {
          "Azure.Core": "1.51.1"
        }
      },
      "Azure.ResourceManager.AppContainers": {
        "type": "Direct",
        "requested": "[1.5.0, )",
        "resolved": "1.5.0",
        "contentHash": "hl/Rsbso/SLJnefb618sSWuLYGM8ENraFsC2GypdPEh5x4hMf5NTgaTa5WTRt6d9bNkZki/eoWWTqS0DsQ1msA==",
        "dependencies": {
          "Azure.Core": "1.49.0",
          "Azure.ResourceManager": "1.13.2"
        }
      },
      "Azure.ResourceManager.ManagedServices": {
        "type": "Direct",
        "requested": "[1.1.1, )",
        "resolved": "1.1.1",
        "contentHash": "LhPvZqGjrj10wzEfsVDUU+3NM/wDc8npKhMcSN3Y0ah02JCgm0yPdmjf3bmiO+g6Li1WrFhmd20kSwgSuY5HCg==",
        "dependencies": {
          "Azure.Core": "1.44.1",
          "Azure.ResourceManager": "1.13.0",
          "System.ClientModel": "1.2.1"
        }
      },
      "Azure.ResourceManager.Resources": {
        "type": "Direct",
        "requested": "[1.11.2, )",
        "resolved": "1.11.2",
        "contentHash": "8uHC9wBM/quZotwvvJ6qBCefO3ZkKGD532lLBgpbN2NmbV1jLcN50nXzCsoo+z9FbOISHGR6CZ+/Hk6uwXF8Vg==",
        "dependencies": {
          "Azure.Core": "1.50.0",
          "Azure.ResourceManager": "1.13.2"
        }
      },
      "Azure.Security.KeyVault.Secrets": {
        "type": "Direct",
        "requested": "[4.7.0, )",
        "resolved": "4.7.0",
        "contentHash": "uOPCojkm41V4dKTORyGzl3/f/lriKpxSQ43fWDn4StRJBVmbF1F/DNWJhwm207kCnqgE/W9+tskJSimIKHCZkw==",
        "dependencies": {
          "Azure.Core": "1.44.1"
        }
      },
      "Azure.Storage.Blobs": {
        "type": "Direct",
        "requested": "[12.22.2, )",
        "resolved": "12.22.2",
        "contentHash": "/BK63qx31dhXjnqOXB90DP8mJM+pHbti45+v/D3SiEgP2A+ekvJlGWGLVGQznriT5UAOerM+3vAAEJNKolVSIQ==",
        "dependencies": {
          "Azure.Storage.Common": "12.21.1"
        }
      },
      "Microsoft.Azure.Cosmos": {
        "type": "Direct",
        "requested": "[3.59.0, )",
        "resolved": "3.59.0",
        "contentHash": "4Mv1BcPjLtkbaHwLZmaKG6BqebQZqzb+rheY4afoHKcuPp4IBFLo3SJFIcNOInscWD2TGIC+6LdaVjCmMc3hPw==",
        "dependencies": {
          "Azure.Core": "1.44.1",
          "Microsoft.Bcl.AsyncInterfaces": "6.0.0",
          "Microsoft.Bcl.HashCode": "1.1.0",
          "System.Configuration.ConfigurationManager": "6.0.0"
        }
      },
      "Microsoft.Identity.Web": {
        "type": "Direct",
        "requested": "[4.8.0, )",
        "resolved": "4.8.0",
        "contentHash": "rqMufh64Woj/kc39d9iCb12BTtBj9H40haLUemRAwoqvqSomYPlbMOwt1UD1Y5aMqmc8aYF06U5ATY8Qnw2iFg==",
        "dependencies": {
          "Microsoft.Identity.Web.Certificate": "4.8.0",
          "Microsoft.Identity.Web.Certificateless": "4.8.0",
          "Microsoft.Identity.Web.TokenAcquisition": "4.8.0",
          "Microsoft.Identity.Web.TokenCache": "4.8.0",
          "Microsoft.IdentityModel.Protocols.OpenIdConnect": "8.15.0",
          "Microsoft.IdentityModel.Validators": "8.15.0",
          "System.IdentityModel.Tokens.Jwt": "8.15.0"
        }
      },
      "Newtonsoft.Json": {
        "type": "Direct",
        "requested": "[13.0.3, )",
        "resolved": "13.0.3",
        "contentHash": "HrC5BXdl00IP9zeV+0Z848QWPAoCr9P3bDEZguI+gkLcBKAOxix/tLEAAHC+UvDNPv4a2d18lOReHMOagPa+zQ=="
      },
      "OpenTelemetry.Api": {
        "type": "Direct",
        "requested": "[1.15.3, )",
        "resolved": "1.15.3",
        "contentHash": "fX+fkCysfPut+qCcT3bKqyX4QN9Saf4CgX8HLOHywEVD+Xr7sULtfuypITpoDysjx8R59dn/3mWhgimMH8cm/g=="
      },
      "OpenTelemetry.Extensions.Propagators": {
        "type": "Direct",
        "requested": "[1.15.3, )",
        "resolved": "1.15.3",
        "contentHash": "RfIAWGN2UiKD12gbmXhP0zwJ25ugI0qHIYPZLc9AVd0XnLJeF9Wi9NEgVFpoavXgjyHq8IMezlI5jjUk65W6vw==",
        "dependencies": {
          "OpenTelemetry.Api": "1.15.3"
        }
      },
      "Azure.Core": {
        "type": "Transitive",
        "resolved": "1.53.0",
        "contentHash": "x9c/toFMOtRrlTdFuE7rlGCVAduQzWVfKmLz5juj41zJAXEhYD5hluiUyyAEzJ6OxpBnKtiaBztzwpZITAVjtg==",
        "dependencies": {
          "Microsoft.Bcl.AsyncInterfaces": "10.0.3",
          "Microsoft.Identity.Client": "4.83.1",
          "Microsoft.Identity.Client.Extensions.Msal": "4.83.1",
          "System.ClientModel": "1.10.0",
          "System.Memory.Data": "10.0.3"
        }
      },
      "Azure.Monitor.OpenTelemetry.Exporter": {
        "type": "Transitive",
        "resolved": "1.5.0",
        "contentHash": "7YgW82V13PwhjrlaN2Nbu9UIvYMzZxjgV9TYqK34PK+81IWsDwPO3vBhyeHYpDBwKWm7wqHp1c3VVX5DN4G2WA==",
        "dependencies": {
          "Azure.Core": "1.50.0",
          "OpenTelemetry": "1.14.0",
          "OpenTelemetry.Extensions.Hosting": "1.14.0",
          "OpenTelemetry.PersistentStorage.FileSystem": "1.0.2"
        }
      },
      "Azure.Security.KeyVault.Certificates": {
        "type": "Transitive",
        "resolved": "4.6.0",
        "contentHash": "e2ATU/n2ZDL/S8A8EdrcfKEvKc2BojCrrSpmM+JKnrSTQS32x/W0Ldu8utk+epLKwXvSJRSWtlgdo7X8hG1mCg==",
        "dependencies": {
          "Azure.Core": "1.37.0"
        }
      },
      "Azure.Storage.Common": {
        "type": "Transitive",
        "resolved": "12.21.1",
        "contentHash": "NgDJw/upcro33AgGf91sPIG+BU2pFTgGDBzWEp8HctGwzmbjG80eYTl4CJMIwgxVOQWnEXnQZXLY7w3k+BQ9ig==",
        "dependencies": {
          "Azure.Core": "1.44.1",
          "System.IO.Hashing": "6.0.0"
        }
      },
      "Microsoft.AspNetCore.Authentication.JwtBearer": {
        "type": "Transitive",
        "resolved": "10.0.0",
        "contentHash": "0BgDfT1GoZnzjJOBwx5vFMK5JtqsTEas9pCEwd1/KKxNUAqFmreN60WeUoF+CsmSd9tOQuqWedvdBo/QqHuNTQ==",
        "dependencies": {
          "Microsoft.IdentityModel.Protocols.OpenIdConnect": "8.0.1"
        }
      },
      "Microsoft.AspNetCore.Authentication.OpenIdConnect": {
        "type": "Transitive",
        "resolved": "10.0.0",
        "contentHash": "6ATONu+5A2oh/vzmoFhf3cuQcclMaWGHrb1kvjVsYtml+gzuWD48MmbsItM4xAUQkJZ2t8XFmbGp8pZLPxKneA==",
        "dependencies": {
          "Microsoft.IdentityModel.Protocols.OpenIdConnect": "8.0.1"
        }
      },
      "Microsoft.Bcl.AsyncInterfaces": {
        "type": "Transitive",
        "resolved": "10.0.3",
        "contentHash": "TV62UsrJZPX6gbt3c4WrtXh7bmaDIcMqf9uft1cc4L6gJXOU07hDGEh+bFQh/L2Az0R1WVOkiT66lFqS6G2NmA=="
      },
      "Microsoft.Bcl.HashCode": {
        "type": "Transitive",
        "resolved": "1.1.0",
        "contentHash": "J2G1k+u5unBV+aYcwxo94ip16Rkp65pgWFb0R6zwJipzWNMgvqlWeuI7/+R+e8bob66LnSG+llLJ+z8wI94cHg=="
      },
      "Microsoft.Identity.Abstractions": {
        "type": "Transitive",
        "resolved": "12.0.0",
        "contentHash": "PW7ymSop61IsKJwOkPibZcCslW+mRL8uz+AmB9ixe9HBCQjV/duEIbjNzjRcD7tDn563TqTsg2hoFwo62RR6YA=="
      },
      "Microsoft.Identity.Client": {
        "type": "Transitive",
        "resolved": "4.83.1",
        "contentHash": "jOLIrZ3cynoqHLLO1cXplFFabrhrMEYs/EuKHvmCyrOm1axqiVFT6nCSnHxk7w5+d2BeQfCdM12Yf/0X7OeS1g==",
        "dependencies": {
          "Microsoft.IdentityModel.Abstractions": "8.14.0"
        }
      },
      "Microsoft.Identity.Client.Extensions.Msal": {
        "type": "Transitive",
        "resolved": "4.83.1",
        "contentHash": "I3k4J4Hj4KbLEFanjeUzzDOVecukETaTgEkJ7h2pP/Yazs6SLp6TVUTo/Eo+ptPXMwvc+iX7rBFtMSUrA7R+Mg==",
        "dependencies": {
          "Microsoft.Identity.Client": "4.83.1",
          "System.Security.Cryptography.ProtectedData": "4.5.0"
        }
      },
      "Microsoft.Identity.Web.Certificate": {
        "type": "Transitive",
        "resolved": "4.8.0",
        "contentHash": "G4nkrs1pKg6NxuSvyoRzokLfsfd2v5pXpXS1XUvHstvdWkQRBw8kTbSwRCvzdRFA1MW7Ct14zcp1P4kej7dB+g==",
        "dependencies": {
          "Azure.Identity": "1.11.4",
          "Azure.Security.KeyVault.Certificates": "4.6.0",
          "Azure.Security.KeyVault.Secrets": "4.6.0",
          "Microsoft.Identity.Abstractions": "12.0.0",
          "Microsoft.Identity.Web.Certificateless": "4.8.0",
          "Microsoft.Identity.Web.Diagnostics": "4.8.0"
        }
      },
      "Microsoft.Identity.Web.Certificateless": {
        "type": "Transitive",
        "resolved": "4.8.0",
        "contentHash": "TegoXg/SX1mca1ygTZWTgLTXIZPQudmg5SLr9f50A8fzC4oFGkNOUfa9wii9SRikBGg4Sc31QxUeM/MMFyIX6A==",
        "dependencies": {
          "Microsoft.Identity.Client": "4.83.1",
          "Microsoft.IdentityModel.JsonWebTokens": "8.15.0"
        }
      },
      "Microsoft.Identity.Web.Diagnostics": {
        "type": "Transitive",
        "resolved": "4.8.0",
        "contentHash": "oWYVlq2h86yAmqJHcDK0JrJfhDZTnF1M1vyY9mGx+x5E5GpNml7hTI1N1Kq4Z9JUtaPvz4dN8MgfUn7QyHZ13Q=="
      },
      "Microsoft.Identity.Web.TokenAcquisition": {
        "type": "Transitive",
        "resolved": "4.8.0",
        "contentHash": "Nm4YJxUQuIThoRWprg9bv2vCDs2zzlOo7B4nfHoG3Spw5Ege2edFLY+iEtRh+GYW2Fhn97rYmwCgmaQ2IhYZxA==",
        "dependencies": {
          "Microsoft.AspNetCore.Authentication.JwtBearer": "10.0.0",
          "Microsoft.AspNetCore.Authentication.OpenIdConnect": "10.0.0",
          "Microsoft.Identity.Abstractions": "12.0.0",
          "Microsoft.Identity.Web.Certificate": "4.8.0",
          "Microsoft.Identity.Web.Certificateless": "4.8.0",
          "Microsoft.Identity.Web.TokenCache": "4.8.0",
          "Microsoft.IdentityModel.Logging": "8.15.0",
          "Microsoft.IdentityModel.LoggingExtensions": "8.15.0",
          "Microsoft.IdentityModel.Protocols.OpenIdConnect": "8.15.0",
          "System.IdentityModel.Tokens.Jwt": "8.15.0"
        }
      },
      "Microsoft.Identity.Web.TokenCache": {
        "type": "Transitive",
        "resolved": "4.8.0",
        "contentHash": "2TL0zev2SREJoIzZi9dQ+vv/Us6Q1ZpZD02ti0LhFDpFg/vKGD98pHmcz+f216PbWHzQpERzS3tMgcIGt2lywQ==",
        "dependencies": {
          "Microsoft.Identity.Client": "4.83.1",
          "Microsoft.Identity.Web.Diagnostics": "4.8.0",
          "System.Security.Cryptography.Pkcs": "10.0.6"
        }
      },
      "Microsoft.IdentityModel.Abstractions": {
        "type": "Transitive",
        "resolved": "8.15.0",
        "contentHash": "e/DApa1GfxUqHSBHcpiQg8yaghKAvFVBQFcWh25jNoRobDZbduTUACY8bZ54eeGWXvimGmEDdF0zkS5Dq16XPQ=="
      },
      "Microsoft.IdentityModel.JsonWebTokens": {
        "type": "Transitive",
        "resolved": "8.15.0",
        "contentHash": "3513f5VzvOZy3ELd42wGnh1Q3e83tlGAuXFSNbENpgWYoAhLLzgFtd5PiaOPGAU0gqKhYGVzKavghLUGfX3HQg==",
        "dependencies": {
          "Microsoft.IdentityModel.Tokens": "8.15.0"
        }
      },
      "Microsoft.IdentityModel.Logging": {
        "type": "Transitive",
        "resolved": "8.15.0",
        "contentHash": "1gJLjhy0LV2RQMJ9NGzi5Tnb2l+c37o8D8Lrk2mrvmb6OQHZ7XJstd/XxvncXgBpad4x9CGXdipbZzJJCXKyAg==",
        "dependencies": {
          "Microsoft.IdentityModel.Abstractions": "8.15.0"
        }
      },
      "Microsoft.IdentityModel.LoggingExtensions": {
        "type": "Transitive",
        "resolved": "8.15.0",
        "contentHash": "u0/PCw/1sMka5DHi1SIviM74AKMm5k9C4FZNMCap+AzH+dGhX9yPZxZNisvnxmqdhDSQemiz+GwLdTIFDlgEog==",
        "dependencies": {
          "Microsoft.IdentityModel.Abstractions": "8.15.0"
        }
      },
      "Microsoft.IdentityModel.Protocols": {
        "type": "Transitive",
        "resolved": "8.15.0",
        "contentHash": "n4t/m/zpd8rx/nqMqnKmbDqDjqy404JQ+3TYrSXEn7Otw5Vfg6Hmk3tK8SyeAlTzLGC1gVrjt9awPFVBE1tUGQ==",
        "dependencies": {
          "Microsoft.IdentityModel.Tokens": "8.15.0"
        }
      },
      "Microsoft.IdentityModel.Protocols.OpenIdConnect": {
        "type": "Transitive",
        "resolved": "8.15.0",
        "contentHash": "uJ5cHsTHRqx/1W68Gz/7hqUgudai1CXnokIXTQw+ZI1o3hWuhQa1vgSzXX9+IAkOJ/gP+M590Fg3WTwqglJghg==",
        "dependencies": {
          "Microsoft.IdentityModel.Protocols": "8.15.0",
          "System.IdentityModel.Tokens.Jwt": "8.15.0"
        }
      },
      "Microsoft.IdentityModel.Tokens": {
        "type": "Transitive",
        "resolved": "8.15.0",
        "contentHash": "zUE9ysJXBtXlHHRtcRK3Sp8NzdCI1z/BRDTXJQ2TvBoI0ENRtnufYIep0O5TSCJRJGDwwuLTUx+l/bEYZUxpCA==",
        "dependencies": {
          "Microsoft.IdentityModel.Logging": "8.15.0"
        }
      },
      "Microsoft.IdentityModel.Validators": {
        "type": "Transitive",
        "resolved": "8.15.0",
        "contentHash": "q1VGYGtD0jCD8sav/jJBx1ykg2I+Drm6/bcok1/qyxjkGmPFYL+qGvqXndFNBvy04E3+OkqfGqckuW3a5Wzmcw==",
        "dependencies": {
          "Microsoft.IdentityModel.Protocols": "8.15.0",
          "Microsoft.IdentityModel.Protocols.OpenIdConnect": "8.15.0",
          "Microsoft.IdentityModel.Tokens": "8.15.0",
          "System.IdentityModel.Tokens.Jwt": "8.15.0"
        }
      },
      "Microsoft.Win32.SystemEvents": {
        "type": "Transitive",
        "resolved": "6.0.0",
        "contentHash": "hqTM5628jSsQiv+HGpiq3WKBl2c8v1KZfby2J6Pr7pEPlK9waPdgEO6b8A/+/xn/yZ9ulv8HuqK71ONy2tg67A=="
      },
      "OpenTelemetry": {
        "type": "Transitive",
        "resolved": "1.14.0",
        "contentHash": "aiPBAr1+0dPDItH++MQQr5UgMf4xiybruzNlAoYYMYN3UUk+mGRcoKuZy4Z4rhhWUZIpK2Xhe7wUUXSTM32duQ==",
        "dependencies": {
          "OpenTelemetry.Api.ProviderBuilderExtensions": "1.14.0"
        }
      },
      "OpenTelemetry.Api.ProviderBuilderExtensions": {
        "type": "Transitive",
        "resolved": "1.14.0",
        "contentHash": "i/lxOM92v+zU5I0rGl5tXAGz6EJtxk2MvzZ0VN6F6L5pMqT6s6RCXnGWXg6fW+vtZJsllBlQaf/VLPTzgefJpg==",
        "dependencies": {
          "OpenTelemetry.Api": "1.14.0"
        }
      },
      "OpenTelemetry.Extensions.Hosting": {
        "type": "Transitive",
        "resolved": "1.14.0",
        "contentHash": "ZAxkCIa3Q3YWZ1sGrolXfkhPqn2PFSz2Cel74em/fATZgY5ixlw6MQp2icmqKCz4C7M1W2G0b92K3rX8mOtFRg==",
        "dependencies": {
          "OpenTelemetry": "1.14.0"
        }
      },
      "OpenTelemetry.Instrumentation.AspNetCore": {
        "type": "Transitive",
        "resolved": "1.14.0",
        "contentHash": "NQAQpFa3a4ofPUYwxcwtNPGpuRNwwx1HM7MnLEESYjYkhfhER+PqqGywW65rWd7bJEc1/IaL+xbmHH99pYDE0A==",
        "dependencies": {
          "OpenTelemetry.Api.ProviderBuilderExtensions": "[1.14.0, 2.0.0)"
        }
      },
      "OpenTelemetry.Instrumentation.Http": {
        "type": "Transitive",
        "resolved": "1.14.0",
        "contentHash": "uH8X1fYnywrgaUrSbemKvFiFkBwY7ZbBU7Wh4A/ORQmdpF3G/5STidY4PlK4xYuIv9KkdMXH/vkpvzQcayW70g==",
        "dependencies": {
          "OpenTelemetry.Api.ProviderBuilderExtensions": "[1.14.0, 2.0.0)"
        }
      },
      "OpenTelemetry.PersistentStorage.Abstractions": {
        "type": "Transitive",
        "resolved": "1.0.2",
        "contentHash": "QuBc6e7M4Skvbc+eTQGSmrcoho7lSkHLT5ngoSsVeeT8OXLpSUETNcuRPW8F5drTPTzzTKQ98C5AhKO/pjpTJg=="
      },
      "OpenTelemetry.PersistentStorage.FileSystem": {
        "type": "Transitive",
        "resolved": "1.0.2",
        "contentHash": "ys0l9vL0/wOV9p/iuyDeemjX+d8iH4yjaYA1IcmyQUw0xsxx0I3hQm7tN3FnuRPsmPtrohiLtp31hO1BcrhQ+A==",
        "dependencies": {
          "OpenTelemetry.PersistentStorage.Abstractions": "1.0.2"
        }
      },
      "System.ClientModel": {
        "type": "Transitive",
        "resolved": "1.10.0",
        "contentHash": "lBEWs54F5Y5pZ9hC+8z4S/X76957ex+DPk7WecRHlbIHtrPfbRMMlOgI3iDn4Jpb3bSxvBnKaaHoD59auFjlBA==",
        "dependencies": {
          "System.Memory.Data": "10.0.3"
        }
      },
      "System.Configuration.ConfigurationManager": {
        "type": "Transitive",
        "resolved": "6.0.0",
        "contentHash": "7T+m0kDSlIPTHIkPMIu6m6tV6qsMqJpvQWW2jIc2qi7sn40qxFo0q+7mEQAhMPXZHMKnWrnv47ntGlM/ejvw3g==",
        "dependencies": {
          "System.Security.Cryptography.ProtectedData": "6.0.0",
          "System.Security.Permissions": "6.0.0"
        }
      },
      "System.Drawing.Common": {
        "type": "Transitive",
        "resolved": "6.0.0",
        "contentHash": "NfuoKUiP2nUWwKZN6twGqXioIe1zVD0RIj2t976A+czLHr2nY454RwwXs6JU9Htc6mwqL6Dn/nEL3dpVf2jOhg==",
        "dependencies": {
          "Microsoft.Win32.SystemEvents": "6.0.0"
        }
      },
      "System.IdentityModel.Tokens.Jwt": {
        "type": "Transitive",
        "resolved": "8.15.0",
        "contentHash": "dpodi7ixz6hxK8YCBYAWzm0IA8JYXoKcz0hbCbNifo519//rjUI0fBD8rfNr+IGqq+2gm4oQoXwHk09LX5SqqQ==",
        "dependencies": {
          "Microsoft.IdentityModel.JsonWebTokens": "8.15.0",
          "Microsoft.IdentityModel.Tokens": "8.15.0"
        }
      },
      "System.IO.Hashing": {
        "type": "Transitive",
        "resolved": "6.0.0",
        "contentHash": "Rfm2jYCaUeGysFEZjDe7j1R4x6Z6BzumS/vUT5a1AA/AWJuGX71PoGB0RmpyX3VmrGqVnAwtfMn39OHR8Y/5+g=="
      },
      "System.Memory.Data": {
        "type": "Transitive",
        "resolved": "10.0.3",
        "contentHash": "MaGhRfGunmrj/nHjtsi9XkhlYJ/ERGWrbA+BiSKNtGnAjc9XlG5EhAvak6VRcX5LYzPF6pBO8nJ613dTgzabig=="
      },
      "System.Security.Cryptography.Pkcs": {
        "type": "Transitive",
        "resolved": "10.0.6",
        "contentHash": "88tquaGJ1htm4DHWS6x9jwER7sFET2SVRN7HqO1FYZwE0diDcUmz0ajhVa8ZD2HGhDJBueSPjP/gqyP3gXtT2A=="
      },
      "System.Security.Cryptography.ProtectedData": {
        "type": "Transitive",
        "resolved": "6.0.0",
        "contentHash": "rp1gMNEZpvx9vP0JW0oHLxlf8oSiQgtno77Y4PLUBjSiDYoD77Y8uXHr1Ea5XG4/pIKhqAdxZ8v8OTUtqo9PeQ=="
      },
      "System.Security.Permissions": {
        "type": "Transitive",
        "resolved": "6.0.0",
        "contentHash": "T/uuc7AklkDoxmcJ7LGkyX1CcSviZuLCa4jg3PekfJ7SU0niF0IVTXwUiNVP9DSpzou2PpxJ+eNY2IfDM90ZCg==",
        "dependencies": {
          "System.Windows.Extensions": "6.0.0"
        }
      },
      "System.Windows.Extensions": {
        "type": "Transitive",
        "resolved": "6.0.0",
        "contentHash": "IXoJOXIqc39AIe+CIR7koBtRGMiCt/LPM3lI+PELtDIy9XdyeSrwXFdWV9dzJ2Awl0paLWUaknLxFQ5HpHZUog==",
        "dependencies": {
          "System.Drawing.Common": "6.0.0"
        }
      }
    }
  }
}