{
  "version": 1,
  "dependencies": {
    "net10.0": {
      "Azure.Identity": {
        "type": "Direct",
        "requested": "[1.21.0, )",
        "resolved": "1.21.0",
        "contentHash": "GeFv8sGwRKvDKwI2WFy8r0mhmlxEVZg24Sit2NogTjiSO8RVjllWM65OT6e1sKjOvG8V74y7hAbaELUUPjZQSw==",
        "dependencies": {
          "Azure.Core": "1.53.0"
        }
      },
      "Azure.Monitor.OpenTelemetry.AspNetCore": {
        "type": "Direct",
        "requested": "[1.6.0, )",
        "resolved": "1.6.0",
        "contentHash": "9H0JgEl5yVdpOz+GqPBL5Qtfw0k/gAQ9iD8L+W9ucrxwMG/CMwdAg4mWdLWKUvW56iDCQ8PAHVVCxC4Hg5l1AA==",
        "dependencies": {
          "Azure.Core": "1.60.0",
          "Azure.Monitor.OpenTelemetry.Exporter": "1.8.3",
          "OpenTelemetry.Extensions.Hosting": "1.15.3",
          "OpenTelemetry.Instrumentation.AspNetCore": "1.15.2",
          "OpenTelemetry.Instrumentation.Http": "1.15.1"
        }
      },
      "Azure.ResourceManager": {
        "type": "Direct",
        "requested": "[1.14.0, )",
        "resolved": "1.14.0",
        "contentHash": "i925pQG3EPXQ+jgTfO/26aODZ7IqWBo34nYg+kCgCPLGsMulbzjuJDiJH+PHV+xoWEjFKGvm1SBaAAXbG4887A==",
        "dependencies": {
          "Azure.Core": "1.51.1"
        }
      },
      "Azure.ResourceManager.AppContainers": {
        "type": "Direct",
        "requested": "[1.6.0, )",
        "resolved": "1.6.0",
        "contentHash": "YCBgPeXJiIr/llALlIFUc97YgKCYb2L+3j6anooaMZBrGgrZqXIwvrSGr/nB2LyG1rXiORu/uiIglNRaFt75YQ==",
        "dependencies": {
          "Azure.Core": "1.62.0",
          "Azure.ResourceManager": "1.14.0"
        }
      },
      "Azure.ResourceManager.ManagedServices": {
        "type": "Direct",
        "requested": "[1.1.2, )",
        "resolved": "1.1.2",
        "contentHash": "zt5m82WVLz5XQcJo/GhZq6pS2Viz5DD6d4cIC1kIgx7NX887JlccAI7H0StNDg4t/bwiabDQ4T8LF+YcrIGtlA==",
        "dependencies": {
          "Azure.Core": "1.54.0",
          "Azure.ResourceManager": "1.14.0"
        }
      },
      "Azure.ResourceManager.Resources": {
        "type": "Direct",
        "requested": "[1.12.0, )",
        "resolved": "1.12.0",
        "contentHash": "bErj+ZtqV/p67Bt7qNFpz6Ww9yisGq2xlWKgpzB5g6ApfZHZgYImKesaQoa9HqEIPrGtkkAKsa5UN+GL3XlAIg==",
        "dependencies": {
          "Azure.Core": "1.62.0",
          "Azure.ResourceManager": "1.14.0"
        }
      },
      "Azure.Security.KeyVault.Secrets": {
        "type": "Direct",
        "requested": "[4.11.2, )",
        "resolved": "4.11.2",
        "contentHash": "23VoXpEhSw7jLuG4qKx3tHjosBf02NOtwrjh/HOIpKSL5iHIDur5xWmR78wQ9WDQk+ganZH4Lx2nYmthTQ3Phw==",
        "dependencies": {
          "Azure.Core": "1.54.0"
        }
      },
      "Azure.Storage.Blobs": {
        "type": "Direct",
        "requested": "[12.30.0, )",
        "resolved": "12.30.0",
        "contentHash": "pf6tqkzNANU5Fvfibse3fVRNWJol4jb9iA/wjHu1EHEpWpFHasHaiVNc11fncvOwnphzm4xaZwXzrg34yAI2hw==",
        "dependencies": {
          "Apache.Arrow": "22.1.0",
          "Azure.Core": "1.60.0",
          "Azure.Storage.Common": "12.29.0"
        }
      },
      "Microsoft.Azure.Cosmos": {
        "type": "Direct",
        "requested": "[3.63.2, )",
        "resolved": "3.63.2",
        "contentHash": "7XOKbtu3ghboTMNeIOtY6ULY7Re2xNdhZuyOnWDvA1ye9xnQF8I+4A/rwJdm59wlO1AN0CF2gUBEYSU2208sBA==",
        "dependencies": {
          "Azure.Core": "1.44.1",
          "Microsoft.Bcl.AsyncInterfaces": "6.0.0",
          "Microsoft.Bcl.HashCode": "1.1.0",
          "System.Configuration.ConfigurationManager": "6.0.0"
        }
      },
      "Microsoft.Identity.Web": {
        "type": "Direct",
        "requested": "[4.16.0, )",
        "resolved": "4.16.0",
        "contentHash": "ukF4Kv95LCDlpxfsePalJFXPn++uYxkz6pA8+woKXbhVMw5Zo0aFeUAnOiP5kkc5EFGFQ3YI11F1sJL5TOux5Q==",
        "dependencies": {
          "Microsoft.Identity.Web.Certificate": "4.16.0",
          "Microsoft.Identity.Web.Certificateless": "4.16.0",
          "Microsoft.Identity.Web.TokenAcquisition": "4.16.0",
          "Microsoft.Identity.Web.TokenCache": "4.16.0",
          "Microsoft.IdentityModel.Protocols.OpenIdConnect": "8.23.0",
          "Microsoft.IdentityModel.Validators": "8.23.0",
          "System.IdentityModel.Tokens.Jwt": "8.23.0"
        }
      },
      "Newtonsoft.Json": {
        "type": "Direct",
        "requested": "[13.0.4, )",
        "resolved": "13.0.4",
        "contentHash": "pdgNNMai3zv51W5aq268sujXUyx7SNdE2bj1wZcWjAQrKMFZV260lbqYop1d2GM67JI1huLRwxo9ZqnfF/lC6A=="
      },
      "OpenTelemetry.Api": {
        "type": "Direct",
        "requested": "[1.19.1, )",
        "resolved": "1.19.1",
        "contentHash": "9JKIH+xrV0HNTFjQC8zrx9gZpDOMEljN5Htg/U0VE2IvO3N+7bKALCCsGy5tp09marX5dd8UkrgQFoLaulIBRw=="
      },
      "OpenTelemetry.Extensions.Propagators": {
        "type": "Direct",
        "requested": "[1.19.1, )",
        "resolved": "1.19.1",
        "contentHash": "WrmhB3YlOAABrWKL2nLqtIPGJMkD3iBFE/C/XEJapA67GbyfPs27rmLj6s9d4XXQeu96b988THjXwaP+ywdZpQ==",
        "dependencies": {
          "OpenTelemetry.Api": "1.19.1"
        }
      },
      "Apache.Arrow": {
        "type": "Transitive",
        "resolved": "22.1.0",
        "contentHash": "mTdHWGsNCWpKyQxqyNcSS+q4BtBTSOUfhdG+Lwo6eAOznCLSwrZQ5VKtDG2G8VrUp1ul4DwWHefoBS1umjO/VQ=="
      },
      "Azure.Core": {
        "type": "Transitive",
        "resolved": "1.62.0",
        "contentHash": "C0ijs91ZW2uhF/VwGLXeayb+RwTWhDxKnrsmqPWg5HkYtPQ93mzaydyMCjAzE0AG5yHc1bpaPc+NPlZUgz3w8g==",
        "dependencies": {
          "Microsoft.Bcl.AsyncInterfaces": "10.0.10",
          "Microsoft.Identity.Client": "4.84.2",
          "Microsoft.Identity.Client.Extensions.Msal": "4.84.2",
          "System.ClientModel": "1.15.0",
          "System.Memory.Data": "10.0.10"
        }
      },
      "Azure.Monitor.OpenTelemetry.Exporter": {
        "type": "Transitive",
        "resolved": "1.8.3",
        "contentHash": "hZ35hXxiRuJcT67u970iqqJ+z2ol3Sg23/m1wwNNh8uzK/48uB9iJ3va9PQ7gXn6kij6wzowUe5olPPfObkEug==",
        "dependencies": {
          "Azure.Core": "1.60.0",
          "OpenTelemetry.Extensions.Hosting": "1.15.3",
          "OpenTelemetry.PersistentStorage.FileSystem": "1.0.3"
        }
      },
      "Azure.Security.KeyVault.Certificates": {
        "type": "Transitive",
        "resolved": "4.6.0",
        "contentHash": "e2ATU/n2ZDL/S8A8EdrcfKEvKc2BojCrrSpmM+JKnrSTQS32x/W0Ldu8utk+epLKwXvSJRSWtlgdo7X8hG1mCg==",
        "dependencies": {
          "Azure.Core": "1.37.0"
        }
      },
      "Azure.Storage.Common": {
        "type": "Transitive",
        "resolved": "12.29.0",
        "contentHash": "0VqPcAinzXFJDAELqC+VPFUL6AaU1mmIpDAHarr7DVw3zcJrlo4k3Xc3TCTVBkDgY6YUOjJ00Fd9ZB9En5H2Jg==",
        "dependencies": {
          "Azure.Core": "1.60.0",
          "System.IO.Hashing": "10.0.9"
        }
      },
      "Microsoft.AspNetCore.Authentication.JwtBearer": {
        "type": "Transitive",
        "resolved": "10.0.0",
        "contentHash": "0BgDfT1GoZnzjJOBwx5vFMK5JtqsTEas9pCEwd1/KKxNUAqFmreN60WeUoF+CsmSd9tOQuqWedvdBo/QqHuNTQ==",
        "dependencies": {
          "Microsoft.IdentityModel.Protocols.OpenIdConnect": "8.0.1"
        }
      },
      "Microsoft.AspNetCore.Authentication.OpenIdConnect": {
        "type": "Transitive",
        "resolved": "10.0.0",
        "contentHash": "6ATONu+5A2oh/vzmoFhf3cuQcclMaWGHrb1kvjVsYtml+gzuWD48MmbsItM4xAUQkJZ2t8XFmbGp8pZLPxKneA==",
        "dependencies": {
          "Microsoft.IdentityModel.Protocols.OpenIdConnect": "8.0.1"
        }
      },
      "Microsoft.Bcl.AsyncInterfaces": {
        "type": "Transitive",
        "resolved": "10.0.10",
        "contentHash": "TFI6OKYE1XZz4SGuTSH70c6SBdPpFktXsoa1gCxTr3mKrhmXirnvaS0tKz+J3ZWICEAmMpEGn59nO4ICtUpQXA=="
      },
      "Microsoft.Bcl.Cryptography": {
        "type": "Transitive",
        "resolved": "10.0.2",
        "contentHash": "LG9Yll3B5aNpxv0+D47g6LiOiKBIlodhcHdQwcYzo8VeexFLGqx5ymetmA2aBRyo9cCcWsQWrFsdbsr8LvmWDw=="
      },
      "Microsoft.Bcl.HashCode": {
        "type": "Transitive",
        "resolved": "1.1.0",
        "contentHash": "J2G1k+u5unBV+aYcwxo94ip16Rkp65pgWFb0R6zwJipzWNMgvqlWeuI7/+R+e8bob66LnSG+llLJ+z8wI94cHg=="
      },
      "Microsoft.Identity.Abstractions": {
        "type": "Transitive",
        "resolved": "12.7.0",
        "contentHash": "NU2nvct8vCnIxp9bbmp2sthVzvY+U1IvmEVUhaRN81WdwtYhCpQTBTlMR0h74LDdbvU267BR5x98pCR5o779Fg=="
      },
      "Microsoft.Identity.Client": {
        "type": "Transitive",
        "resolved": "4.90.1",
        "contentHash": "GLsf4cfEfIZD4pBkmBc8kCjfE811PKsM29T9nMZQDS2px/buM/Ha8jVYiGPdiA7cqjYNIX+G5d0S12TtGZS6RA==",
        "dependencies": {
          "Microsoft.IdentityModel.Abstractions": "8.14.0"
        }
      },
      "Microsoft.Identity.Client.Extensions.Msal": {
        "type": "Transitive",
        "resolved": "4.84.2",
        "contentHash": "+D98LaU3dOu/Nzs6kgbBJapMvH7iwYcAeC99XwSkpmEadsPv6rozecOl9P6m4A3RfpOuPt9e6J6TwwUUp3+M4w==",
        "dependencies": {
          "Microsoft.Identity.Client": "4.84.2",
          "System.Security.Cryptography.ProtectedData": "4.5.0"
        }
      },
      "Microsoft.Identity.Web.Certificate": {
        "type": "Transitive",
        "resolved": "4.16.0",
        "contentHash": "ptdmiZiXb6d7VEUh7od4rlbzJtcOwFZwM2oU2sXAmbbVio1dVAfgfdagKbDqwvXWWoOyYx8dDgDvgNYBs08O0g==",
        "dependencies": {
          "Azure.Identity": "1.17.2",
          "Azure.Security.KeyVault.Certificates": "4.6.0",
          "Azure.Security.KeyVault.Secrets": "4.6.0",
          "Microsoft.Identity.Abstractions": "12.7.0",
          "Microsoft.Identity.Web.Certificateless": "4.16.0",
          "Microsoft.Identity.Web.Diagnostics": "4.16.0"
        }
      },
      "Microsoft.Identity.Web.Certificateless": {
        "type": "Transitive",
        "resolved": "4.16.0",
        "contentHash": "klnjVP/GEVifE7epcI6AMM5jbQBpRSwkiDA9/R6/NKS8G5fhaN0tqs0ItB4PMJoLXSfHAr4j1kMmRszxFKgw/A==",
        "dependencies": {
          "Microsoft.Identity.Client": "4.90.1",
          "Microsoft.IdentityModel.JsonWebTokens": "8.23.0",
          "Microsoft.IdentityModel.LoggingExtensions": "8.23.0"
        }
      },
      "Microsoft.Identity.Web.Diagnostics": {
        "type": "Transitive",
        "resolved": "4.16.0",
        "contentHash": "hhSwK+CV/eoD4OJiMUN5GdQx9v4R6QwgIUR1a12zu7nbEdTPleWnJpTZI16QV70LkZCLUES3cvFvZjQ089lExQ=="
      },
      "Microsoft.Identity.Web.TokenAcquisition": {
        "type": "Transitive",
        "resolved": "4.16.0",
        "contentHash": "DMP13LJR5m7dT8+qy4bDunZz7AOsA9tLyg6G6q3rkW458C91fFAhna95EIRCUGJLSIuhxcLl4YXWAxikWYqATw==",
        "dependencies": {
          "Microsoft.AspNetCore.Authentication.JwtBearer": "10.0.0",
          "Microsoft.AspNetCore.Authentication.OpenIdConnect": "10.0.0",
          "Microsoft.Identity.Abstractions": "12.7.0",
          "Microsoft.Identity.Web.Certificate": "4.16.0",
          "Microsoft.Identity.Web.Certificateless": "4.16.0",
          "Microsoft.Identity.Web.TokenCache": "4.16.0",
          "Microsoft.IdentityModel.Logging": "8.23.0",
          "Microsoft.IdentityModel.LoggingExtensions": "8.23.0",
          "Microsoft.IdentityModel.Protocols.OpenIdConnect": "8.23.0",
          "System.IdentityModel.Tokens.Jwt": "8.23.0"
        }
      },
      "Microsoft.Identity.Web.TokenCache": {
        "type": "Transitive",
        "resolved": "4.16.0",
        "contentHash": "YiYEwZsDgubhG6g5ddBOSOZ0bHqvwaoNcxQzRxLvdxYiqSpqiemI7FzP745C6Q0YlTO7japjSV/a5vqiv6INAw==",
        "dependencies": {
          "Microsoft.Identity.Client": "4.90.1",
          "Microsoft.Identity.Web.Diagnostics": "4.16.0",
          "System.Security.Cryptography.Pkcs": "10.0.10"
        }
      },
      "Microsoft.IdentityModel.Abstractions": {
        "type": "Transitive",
        "resolved": "8.23.0",
        "contentHash": "JjiBkKj12OKvuWr+kB5sQwb7fmWW5bi03Mq/rd2Fu/7YwZ1RWQO9KhI9lBxki4o1VvY0wzqny8c7nwx1uuZzVg=="
      },
      "Microsoft.IdentityModel.JsonWebTokens": {
        "type": "Transitive",
        "resolved": "8.23.0",
        "contentHash": "ePEm+mv5iswzckE3mygh52uFUeQpVlHa1B10nS4jpEyNV5tL1mLgRS9U5sMaRlhsPRsZ1DJP0+FhxSrOIfMGIg==",
        "dependencies": {
          "Microsoft.IdentityModel.Tokens": "8.23.0"
        }
      },
      "Microsoft.IdentityModel.Logging": {
        "type": "Transitive",
        "resolved": "8.23.0",
        "contentHash": "wSXXOoV4b4hhRcC492jyNBZkO0LWrcWtWP5Cl5ujrON3vTMlufXDT39gTZfBhFAZCV2XJtNU6DLHMDR6E9YpUg==",
        "dependencies": {
          "Microsoft.IdentityModel.Abstractions": "8.23.0"
        }
      },
      "Microsoft.IdentityModel.LoggingExtensions": {
        "type": "Transitive",
        "resolved": "8.23.0",
        "contentHash": "Zhsx5RSS6AOKSAk4qefaVQZLsu2GWL7/rRlTpc5YB3Hh9EFZPHCA3UBPi+MWgl/Z5JFEg3+C9mYh2f3vqryX7A==",
        "dependencies": {
          "Microsoft.IdentityModel.Abstractions": "8.23.0"
        }
      },
      "Microsoft.IdentityModel.Protocols": {
        "type": "Transitive",
        "resolved": "8.23.0",
        "contentHash": "wQxyMdH/9Q25/kF7B56YgyqEaUBXJEQ5IY0TEKNH3oAPewNxVOl0ENuaKu0sazR0kw4owQDDSF+AvWcEFEvo2g==",
        "dependencies": {
          "Microsoft.IdentityModel.Tokens": "8.23.0"
        }
      },
      "Microsoft.IdentityModel.Protocols.OpenIdConnect": {
        "type": "Transitive",
        "resolved": "8.23.0",
        "contentHash": "QvvFeTznlWHZ7w3aE4cJ+Ln2BnKzKleVG+H7ywiNcQtGUWmo2XS3LJDizpTyv9N0b8FDWYOnvWAxNynaJapwMQ==",
        "dependencies": {
          "Microsoft.IdentityModel.Protocols": "8.23.0",
          "System.IdentityModel.Tokens.Jwt": "8.23.0"
        }
      },
      "Microsoft.IdentityModel.Tokens": {
        "type": "Transitive",
        "resolved": "8.23.0",
        "contentHash": "PUowLq8gqICt+oepHWmKBOJmnVmWoQ5dOVn2CgwFMBZZOAEMHgCQLWs8ONYdsjAyjhDHaFy+AAx0OMG/oV06Zw==",
        "dependencies": {
          "Microsoft.Bcl.Cryptography": "10.0.2",
          "Microsoft.IdentityModel.Logging": "8.23.0"
        }
      },
      "Microsoft.IdentityModel.Validators": {
        "type": "Transitive",
        "resolved": "8.23.0",
        "contentHash": "bjZw3bQaHTKVCZfl8tYqDLEFpHUIKKwJrcfqM6UXrK7hI1JCA+BXNk+TPE5njIQHNBmV6Ro8Q+hzihSoLIlzRQ==",
        "dependencies": {
          "Microsoft.IdentityModel.Protocols": "8.23.0",
          "Microsoft.IdentityModel.Protocols.OpenIdConnect": "8.23.0",
          "Microsoft.IdentityModel.Tokens": "8.23.0",
          "System.IdentityModel.Tokens.Jwt": "8.23.0"
        }
      },
      "Microsoft.Win32.SystemEvents": {
        "type": "Transitive",
        "resolved": "6.0.0",
        "contentHash": "hqTM5628jSsQiv+HGpiq3WKBl2c8v1KZfby2J6Pr7pEPlK9waPdgEO6b8A/+/xn/yZ9ulv8HuqK71ONy2tg67A=="
      },
      "OpenTelemetry": {
        "type": "Transitive",
        "resolved": "1.15.3",
        "contentHash": "N0i6WjPoHPbZyms1ugbDIFAJFuGlpeExJMU/+XSL0lQRUkg/D0utFkDoLXf8Z1km5B+xVZ2GyMXXiX8qdeNmPg==",
        "dependencies": {
          "OpenTelemetry.Api.ProviderBuilderExtensions": "1.15.3"
        }
      },
      "OpenTelemetry.Api.ProviderBuilderExtensions": {
        "type": "Transitive",
        "resolved": "1.15.3",
        "contentHash": "SYn0lqYDwLMWhv/zlNGsQcl2yX++yTumanX46bmOZE/ZDOd1WjPBO2kZaZgKLEZTZk48pavIFGJ6vOvxXgWVFQ==",
        "dependencies": {
          "OpenTelemetry.Api": "1.15.3"
        }
      },
      "OpenTelemetry.Extensions.Hosting": {
        "type": "Transitive",
        "resolved": "1.15.3",
        "contentHash": "u8n/W8yIlqv0BXZmvId1iVaeWXG42tGKdTkuLYg5g57Y/r9CeUNzqtrSHNdG5IoO8iPX79w3v+WsbAHgUQbfeg==",
        "dependencies": {
          "OpenTelemetry": "1.15.3"
        }
      },
      "OpenTelemetry.Instrumentation.AspNetCore": {
        "type": "Transitive",
        "resolved": "1.15.2",
        "contentHash": "2nPd7r0ug/gd6/CNFL6Rlu+RSQ9WYGSGHAYQ1ssbSqyzKJpqTunfx2I/1O0WB5k+L0cyXbG4XVZpoSoUc3M7wg==",
        "dependencies": {
          "OpenTelemetry.Api.ProviderBuilderExtensions": "[1.15.3, 2.0.0)"
        }
      },
      "OpenTelemetry.Instrumentation.Http": {
        "type": "Transitive",
        "resolved": "1.15.1",
        "contentHash": "vFO4Fj/dXkoVNGo/nhoGpO2zYQmZwr4jTID7oRGo+XlQ8LqksyZjUXQ4p39RfUvTID7IzzL8Qe71tW7CcAFymA==",
        "dependencies": {
          "OpenTelemetry.Api.ProviderBuilderExtensions": "[1.15.3, 2.0.0)"
        }
      },
      "OpenTelemetry.PersistentStorage.Abstractions": {
        "type": "Transitive",
        "resolved": "1.0.3",
        "contentHash": "7nSE1uLY0KOHRssg1xQydDZJ/s9zECOzFT/gSDIp1KTxbgd1yziuMTsdBKZ/N1BbpUxfH6Pjq5OMd7lYogwReA=="
      },
      "OpenTelemetry.PersistentStorage.FileSystem": {
        "type": "Transitive",
        "resolved": "1.0.3",
        "contentHash": "3k+yCroJcGBtZIia+0LgzMlBuD0U95BzcWNEGWedusBaRAD8EmkaCPAUwaCtFbb/Mg7HywbIG2zuenANPYFJ0g==",
        "dependencies": {
          "OpenTelemetry.PersistentStorage.Abstractions": "1.0.3"
        }
      },
      "System.ClientModel": {
        "type": "Transitive",
        "resolved": "1.15.0",
        "contentHash": "y6zQLInrpX+oGL1gXM04DrUSu1O1esWxt4rD/zrujTnzIFChn/noD1OiVVpTrU8ZvglwqO2Uw038svUR3SiAOg==",
        "dependencies": {
          "System.Memory.Data": "10.0.9"
        }
      },
      "System.Configuration.ConfigurationManager": {
        "type": "Transitive",
        "resolved": "6.0.0",
        "contentHash": "7T+m0kDSlIPTHIkPMIu6m6tV6qsMqJpvQWW2jIc2qi7sn40qxFo0q+7mEQAhMPXZHMKnWrnv47ntGlM/ejvw3g==",
        "dependencies": {
          "System.Security.Cryptography.ProtectedData": "6.0.0",
          "System.Security.Permissions": "6.0.0"
        }
      },
      "System.Drawing.Common": {
        "type": "Transitive",
        "resolved": "6.0.0",
        "contentHash": "NfuoKUiP2nUWwKZN6twGqXioIe1zVD0RIj2t976A+czLHr2nY454RwwXs6JU9Htc6mwqL6Dn/nEL3dpVf2jOhg==",
        "dependencies": {
          "Microsoft.Win32.SystemEvents": "6.0.0"
        }
      },
      "System.IdentityModel.Tokens.Jwt": {
        "type": "Transitive",
        "resolved": "8.23.0",
        "contentHash": "mUuRjk0KKvF3dlF7CKcnjHn/4TFaWRDGjDRtn1rACitoIflv96apfLD9KPDisyCEuc/0ierocnHCvIXBvCL4Sw==",
        "dependencies": {
          "Microsoft.IdentityModel.JsonWebTokens": "8.23.0",
          "Microsoft.IdentityModel.Tokens": "8.23.0"
        }
      },
      "System.IO.Hashing": {
        "type": "Transitive",
        "resolved": "10.0.9",
        "contentHash": "vixglGnKEexAJDeIRhyayZYzxyrgK1K9GU3K/zRZVwDbaDcMkSqj4WDHoVmQMNfsdUtLALfNSJw6mBIpdxie4A=="
      },
      "System.Memory.Data": {
        "type": "Transitive",
        "resolved": "10.0.10",
        "contentHash": "roR+5AeOpflUxJQlqSfsZs/Bvi1uw4KBuTkIgF1e8l0RdalG4AUn84+sjJLclEfOV85gAjc8+Pp540qjDE5UIg=="
      },
      "System.Security.Cryptography.Pkcs": {
        "type": "Transitive",
        "resolved": "10.0.10",
        "contentHash": "KG8t5RHczdgB3IWvRndpI0nE1DSo7ikDYSDbITxfgRFyIvnYiKzuPjaZOsPnwFQ1aOGUl9sEulJul9wlHLEUoA=="
      },
      "System.Security.Cryptography.ProtectedData": {
        "type": "Transitive",
        "resolved": "6.0.0",
        "contentHash": "rp1gMNEZpvx9vP0JW0oHLxlf8oSiQgtno77Y4PLUBjSiDYoD77Y8uXHr1Ea5XG4/pIKhqAdxZ8v8OTUtqo9PeQ=="
      },
      "System.Security.Permissions": {
        "type": "Transitive",
        "resolved": "6.0.0",
        "contentHash": "T/uuc7AklkDoxmcJ7LGkyX1CcSviZuLCa4jg3PekfJ7SU0niF0IVTXwUiNVP9DSpzou2PpxJ+eNY2IfDM90ZCg==",
        "dependencies": {
          "System.Windows.Extensions": "6.0.0"
        }
      },
      "System.Windows.Extensions": {
        "type": "Transitive",
        "resolved": "6.0.0",
        "contentHash": "IXoJOXIqc39AIe+CIR7koBtRGMiCt/LPM3lI+PELtDIy9XdyeSrwXFdWV9dzJ2Awl0paLWUaknLxFQ5HpHZUog==",
        "dependencies": {
          "System.Drawing.Common": "6.0.0"
        }
      }
    }
  }
}